Microsoft Visual Studio Solution File, Format Version 12.00
# Visual Studio Version 16
VisualStudioVersion = 16.0.30114.105
MinimumVisualStudioVersion = 10.0.40219.1
Project("{F184B08F-C81C-45F6-A57F-5ABD9991F28F}") = "Employees.Entities", "Employees.Entities\Employees.Entities.vbproj", "{FF2C07D1-261D-43E1-BF43-8A39761C361A}"
EndProject
Project("{F184B08F-C81C-45F6-A57F-5ABD9991F28F}") = "Employees.Data", "Employees.Data\Employees.Data.vbproj", "{CDDF6F83-E6FC-439B-84CB-01CD8C76DF6E}"
EndProject
Project("{F184B08F-C81C-45F6-A57F-5ABD9991F28F}") = "Employees.Business", "Employees.Business\Employees.Business.vbproj", "{C6C28328-DD1C-4B8F-9421-54B3DCEFBE47}"
EndProject
Global
	GlobalSection(SolutionConfigurationPlatforms) = preSolution
		Debug|Any CPU = Debug|Any CPU
		Release|Any CPU = Release|Any CPU
	EndGlobalSection
	GlobalSection(ProjectConfigurationPlatforms) = postSolution
		{FF2C07D1-261D-43E1-BF43-8A39761C361A}.Debug|Any CPU.ActiveCfg = Debug|Any CPU
		{FF2C07D1-261D-43E1-BF43-8A39761C361A}.Debug|Any CPU.Build.0 = Debug|Any CPU
		{FF2C07D1-261D-43E1-BF43-8A39761C361A}.Release|Any CPU.ActiveCfg = Release|Any CPU
		{FF2C07D1-261D-43E1-BF43-8A39761C361A}.Release|Any CPU.Build.0 = Release|Any CPU
		{CDDF6F83-E6FC-439B-84CB-01CD8C76DF6E}.Debug|Any CPU.ActiveCfg = Debug|Any CPU
		{CDDF6F83-E6FC-439B-84CB-01CD8C76DF6E}.Debug|Any CPU.Build.0 = Debug|Any CPU
		{CDDF6F83-E6FC-439B-84CB-01CD8C76DF6E}.Release|Any CPU.ActiveCfg = Release|Any CPU
		{CDDF6F83-E6FC-439B-84CB-01CD8C76DF6E}.Release|Any CPU.Build.0 = Release|Any CPU
		{C6C28328-DD1C-4B8F-9421-54B3DCEFBE47}.Debug|Any CPU.ActiveCfg = Debug|Any CPU
		{C6C28328-DD1C-4B8F-9421-54B3DCEFBE47}.Debug|Any CPU.Build.0 = Debug|Any CPU
		{C6C28328-DD1C-4B8F-9421-54B3DCEFBE47}.Release|Any CPU.ActiveCfg = Release|Any CPU
		{C6C28328-DD1C-4B8F-9421-54B3DCEFBE47}.Release|Any CPU.Build.0 = Release|Any CPU
	EndGlobalSection
	GlobalSection(SolutionProperties) = preSolution
		HideSolutionNode = FALSE
	EndGlobalSection
	GlobalSection(ExtensibilityGlobals) = postSolution
		SolutionGuid = {85DA1039-3AAA-4A9F-9BA5-E1539A465197}
	EndGlobalSection
EndGlobal
